
Microsoft Visual Studio Solution File, Format Version 12.00
# Visual Studio Version 16
VisualStudioVersion = 16.0.29209.62
MinimumVisualStudioVersion = 10.0.40219.1
Project("{9A19103F-16F7-4668-BE54-9A1E7A4F7556}") = "Theatreers.Admin", "Theatreers.Admin\Theatreers.Admin.csproj", "{1312CE06-E35B-4C51-8BFD-A9F77F5B1EA5}"
EndProject
Global
	GlobalSection(SolutionConfigurationPlatforms) = preSolution
		Debug|Any CPU = Debug|Any CPU
		Release|Any CPU = Release|Any CPU
	EndGlobalSection
	GlobalSection(ProjectConfigurationPlatforms) = postSolution
		{1312CE06-E35B-4C51-8BFD-A9F77F5B1EA5}.Debug|Any CPU.ActiveCfg = Debug|Any CPU
		{1312CE06-E35B-4C51-8BFD-A9F77F5B1EA5}.Debug|Any CPU.Build.0 = Debug|Any CPU
		{1312CE06-E35B-4C51-8BFD-A9F77F5B1EA5}.Release|Any CPU.ActiveCfg = Release|Any CPU
		{1312CE06-E35B-4C51-8BFD-A9F77F5B1EA5}.Release|Any CPU.Build.0 = Release|Any CPU
	EndGlobalSection
	GlobalSection(SolutionProperties) = preSolution
		HideSolutionNode = FALSE
	EndGlobalSection
	GlobalSection(ExtensibilityGlobals) = postSolution
		SolutionGuid = {3D12A7D6-8ABD-48E7-95B5-1A8391A15571}
	EndGlobalSection
EndGlobal
